{
  "lockfile_version": "1",
  "packages": {
    "bat@latest": {
      "last_modified": "2025-03-23T05:31:05Z",
      "resolved": "github:NixOS/nixpkgs/dd613136ee91f67e5dba3f3f41ac99ae89c5406b#bat",
      "source": "devbox-search",
      "version": "0.25.0",
      "systems": {
        "aarch64-darwin": {
          "outputs": [
            {
              "name": "out",
              "path": "/nix/store/irv8ipwj1l4llyn1wp91zzaksjzwc3gq-bat-0.25.0",
              "default": true
            }
          ],
          "store_path": "/nix/store/irv8ipwj1l4llyn1wp91zzaksjzwc3gq-bat-0.25.0"
        },
        "aarch64-linux": {
          "outputs": [
            {
              "name": "out",
              "path": "/nix/store/ypvcjk8hznpb56azpjd6jm8a9jv7fp7g-bat-0.25.0",
              "default": true
            }
          ],
          "store_path": "/nix/store/ypvcjk8hznpb56azpjd6jm8a9jv7fp7g-bat-0.25.0"
        },
        "x86_64-darwin": {
          "outputs": [
            {
              "name": "out",
              "path": "/nix/store/yixxzkspjsfrh88nykmzy9vfg6zcwjqc-bat-0.25.0",
              "default": true
            }
          ],
          "store_path": "/nix/store/yixxzkspjsfrh88nykmzy9vfg6zcwjqc-bat-0.25.0"
        },
        "x86_64-linux": {
          "outputs": [
            {
              "name": "out",
              "path": "/nix/store/vf5hbnpkw8yy7q56kba8hl9cm25143cq-bat-0.25.0",
              "default": true
            }
          ],
          "store_path": "/nix/store/vf5hbnpkw8yy7q56kba8hl9cm25143cq-bat-0.25.0"
        }
      }
    },
    "cairo.dev": {
      "resolved": "github:NixOS/nixpkgs/032bc6539bd5f14e9d0c51bd79cfe9a055b094c3?narHash=sha256-zBuvmL6%2BCUsk2J8GINpyy8Hs1Zp4PP6iBWSmZ4SCQ%2Fs%3D#cairo.dev",
      "source": "nixpkg"
    },
    "cocoapods@latest": {
      "last_modified": "2025-03-23T05:31:05Z",
      "resolved": "github:NixOS/nixpkgs/dd613136ee91f67e5dba3f3f41ac99ae89c5406b#cocoapods",
      "source": "devbox-search",
      "version": "1.16.2",
      "systems": {
        "aarch64-darwin": {
          "outputs": [
            {
              "name": "out",
              "path": "/nix/store/5mwz2qyp5fak7l5jb90xm1q79qs0xghh-cocoapods-1.16.2",
              "default": true
            }
          ],
          "store_path": "/nix/store/5mwz2qyp5fak7l5jb90xm1q79qs0xghh-cocoapods-1.16.2"
        },
        "x86_64-darwin": {
          "outputs": [
            {
              "name": "out",
              "path": "/nix/store/1nxqasim9b7mpc7q3b8ai936mjay53lq-cocoapods-1.16.2",
              "default": true
            }
          ],
          "store_path": "/nix/store/1nxqasim9b7mpc7q3b8ai936mjay53lq-cocoapods-1.16.2"
        }
      }
    },
    "darwin.apple_sdk.frameworks.Foundation": {
      "resolved": "github:NixOS/nixpkgs/032bc6539bd5f14e9d0c51bd79cfe9a055b094c3?narHash=sha256-zBuvmL6%2BCUsk2J8GINpyy8Hs1Zp4PP6iBWSmZ4SCQ%2Fs%3D#darwin.apple_sdk.frameworks.Foundation",
      "source": "nixpkg"
    },
    "giflib@latest": {
      "last_modified": "2025-04-02T04:26:43Z",
      "resolved": "github:NixOS/nixpkgs/b7ba7f9f45c5cd0d8625e9e217c28f8eb6a19a76#giflib",
      "source": "devbox-search",
      "version": "5.2.2",
      "systems": {
        "aarch64-darwin": {
          "outputs": [
            {
              "name": "out",
              "path": "/nix/store/f8hwl3nbp8hlm2wsnm7pdi6i9fbjkkf0-giflib-5.2.2",
              "default": true
            }
          ],
          "store_path": "/nix/store/f8hwl3nbp8hlm2wsnm7pdi6i9fbjkkf0-giflib-5.2.2"
        },
        "aarch64-linux": {
          "outputs": [
            {
              "name": "out",
              "path": "/nix/store/a2avv7a4pfi916m08xv5014rpx1n0dnr-giflib-5.2.2",
              "default": true
            }
          ],
          "store_path": "/nix/store/a2avv7a4pfi916m08xv5014rpx1n0dnr-giflib-5.2.2"
        },
        "x86_64-darwin": {
          "outputs": [
            {
              "name": "out",
              "path": "/nix/store/mxfnh6y39qm4xrm2r1khmgcanj8vzqcg-giflib-5.2.2",
              "default": true
            }
          ],
          "store_path": "/nix/store/mxfnh6y39qm4xrm2r1khmgcanj8vzqcg-giflib-5.2.2"
        },
        "x86_64-linux": {
          "outputs": [
            {
              "name": "out",
              "path": "/nix/store/1qgg81mfb3l8vm8s240rbiyzisv7y21m-giflib-5.2.2",
              "default": true
            }
          ],
          "store_path": "/nix/store/1qgg81mfb3l8vm8s240rbiyzisv7y21m-giflib-5.2.2"
        }
      }
    },
    "git@latest": {
      "last_modified": "2025-03-11T17:52:14Z",
      "resolved": "github:NixOS/nixpkgs/0d534853a55b5d02a4ababa1d71921ce8f0aee4c#git",
      "source": "devbox-search",
      "version": "2.48.1",
      "systems": {
        "aarch64-darwin": {
          "outputs": [
            {
              "name": "out",
              "path": "/nix/store/b3sci30zzzlj3rzj1y89cijnd6zcwapk-git-2.48.1",
              "default": true
            },
            {
              "name": "doc",
              "path": "/nix/store/086knqdw7fjgzczp0i6nad95s2v6jbya-git-2.48.1-doc"
            }
          ],
          "store_path": "/nix/store/b3sci30zzzlj3rzj1y89cijnd6zcwapk-git-2.48.1"
        },
        "aarch64-linux": {
          "outputs": [
            {
              "name": "out",
              "path": "/nix/store/pck1dr5jxrd5b8nmfasbn13z422jhcfm-git-2.48.1",
              "default": true
            },
            {
              "name": "debug",
              "path": "/nix/store/xqqsvzlilh843rm6knykyng81apapr33-git-2.48.1-debug"
            },
            {
              "name": "doc",
              "path": "/nix/store/485b32ys0s2dvjfisn7405ildmpqvfzk-git-2.48.1-doc"
            }
          ],
          "store_path": "/nix/store/pck1dr5jxrd5b8nmfasbn13z422jhcfm-git-2.48.1"
        },
        "x86_64-darwin": {
          "outputs": [
            {
              "name": "out",
              "path": "/nix/store/9qjzgsf9mvdp6sfd7xyzhgrahl2qhhp6-git-2.48.1",
              "default": true
            },
            {
              "name": "doc",
              "path": "/nix/store/cgv7qa0ix059ma9a0qac0bywfvl3k7k2-git-2.48.1-doc"
            }
          ],
          "store_path": "/nix/store/9qjzgsf9mvdp6sfd7xyzhgrahl2qhhp6-git-2.48.1"
        },
        "x86_64-linux": {
          "outputs": [
            {
              "name": "out",
              "path": "/nix/store/lqx2rv26sdndpa2vyy2vxsahj03km69z-git-2.48.1",
              "default": true
            },
            {
              "name": "doc",
              "path": "/nix/store/hjczhs1dm3hzij7mx5c91rkzqvkb89av-git-2.48.1-doc"
            },
            {
              "name": "debug",
              "path": "/nix/store/bk8xndavdnc2qgyvc6hcc8h29lk9jzqb-git-2.48.1-debug"
            }
          ],
          "store_path": "/nix/store/lqx2rv26sdndpa2vyy2vxsahj03km69z-git-2.48.1"
        }
      }
    },
    "github:NixOS/nixpkgs/nixpkgs-unstable": {
      "last_modified": "2025-05-02T02:23:51Z",
      "resolved": "github:NixOS/nixpkgs/032bc6539bd5f14e9d0c51bd79cfe9a055b094c3?lastModified=1746152631&narHash=sha256-zBuvmL6%2BCUsk2J8GINpyy8Hs1Zp4PP6iBWSmZ4SCQ%2Fs%3D"
    },
    "nodejs@latest": {
      "last_modified": "2025-04-02T13:00:31Z",
      "plugin_version": "0.0.2",
      "resolved": "github:NixOS/nixpkgs/384d1adab77a8d49172a3acc1d5c2f26d013a69a#nodejs_23",
      "source": "devbox-search",
      "version": "23.11.0",
      "systems": {
        "aarch64-darwin": {
          "outputs": [
            {
              "name": "out",
              "path": "/nix/store/7z52lrjdf95sxdv5gmf1lkd6jkmbrk56-nodejs-23.11.0",
              "default": true
            },
            {
              "name": "libv8",
              "path": "/nix/store/0ksknzxczr0kzbz6swnw9ib84hgi77s8-nodejs-23.11.0-libv8"
            }
          ],
          "store_path": "/nix/store/7z52lrjdf95sxdv5gmf1lkd6jkmbrk56-nodejs-23.11.0"
        },
        "aarch64-linux": {
          "outputs": [
            {
              "name": "out",
              "path": "/nix/store/yjnnd52kllrr7ydnz7ixw950fbgv014q-nodejs-23.11.0",
              "default": true
            },
            {
              "name": "libv8",
              "path": "/nix/store/4i48prhfrkr2wbs06vs5g2aaicncpsfx-nodejs-23.11.0-libv8"
            }
          ],
          "store_path": "/nix/store/yjnnd52kllrr7ydnz7ixw950fbgv014q-nodejs-23.11.0"
        },
        "x86_64-darwin": {
          "outputs": [
            {
              "name": "out",
              "path": "/nix/store/m2wfafc3wszhrl6ymyjjjw2b20a0xbx3-nodejs-23.11.0",
              "default": true
            },
            {
              "name": "libv8",
              "path": "/nix/store/5f0jci5bwflnxp2ysfisv5xwxis7wa45-nodejs-23.11.0-libv8"
            }
          ],
          "store_path": "/nix/store/m2wfafc3wszhrl6ymyjjjw2b20a0xbx3-nodejs-23.11.0"
        },
        "x86_64-linux": {
          "outputs": [
            {
              "name": "out",
              "path": "/nix/store/npy9r2i6v4r277y91vnf40l47gwpsdz4-nodejs-23.11.0",
              "default": true
            },
            {
              "name": "libv8",
              "path": "/nix/store/0shcl7m044cdglpsf9nd61rgfndhx4qm-nodejs-23.11.0-libv8"
            }
          ],
          "store_path": "/nix/store/npy9r2i6v4r277y91vnf40l47gwpsdz4-nodejs-23.11.0"
        }
      }
    },
    "pango.dev": {
      "resolved": "github:NixOS/nixpkgs/032bc6539bd5f14e9d0c51bd79cfe9a055b094c3?narHash=sha256-zBuvmL6%2BCUsk2J8GINpyy8Hs1Zp4PP6iBWSmZ4SCQ%2Fs%3D#pango.dev",
      "source": "nixpkg"
    },
    "pixman@latest": {
      "last_modified": "2025-03-11T17:52:14Z",
      "resolved": "github:NixOS/nixpkgs/0d534853a55b5d02a4ababa1d71921ce8f0aee4c#pixman",
      "source": "devbox-search",
      "version": "0.44.2",
      "systems": {
        "aarch64-darwin": {
          "outputs": [
            {
              "name": "out",
              "path": "/nix/store/6rss4lfylr3jlw1n00rxi6d7v346qvnm-pixman-0.44.2",
              "default": true
            }
          ],
          "store_path": "/nix/store/6rss4lfylr3jlw1n00rxi6d7v346qvnm-pixman-0.44.2"
        },
        "aarch64-linux": {
          "outputs": [
            {
              "name": "out",
              "path": "/nix/store/ji4j86d3qyhihbknjbi3b6agimph1yig-pixman-0.44.2",
              "default": true
            },
            {
              "name": "debug",
              "path": "/nix/store/nadzsvbiif42h74p846kaw1ml42bniyr-pixman-0.44.2-debug"
            }
          ],
          "store_path": "/nix/store/ji4j86d3qyhihbknjbi3b6agimph1yig-pixman-0.44.2"
        },
        "x86_64-darwin": {
          "outputs": [
            {
              "name": "out",
              "path": "/nix/store/86p7a0492n4g3s7p5bzn4pv9fak4jj8y-pixman-0.44.2",
              "default": true
            }
          ],
          "store_path": "/nix/store/86p7a0492n4g3s7p5bzn4pv9fak4jj8y-pixman-0.44.2"
        },
        "x86_64-linux": {
          "outputs": [
            {
              "name": "out",
              "path": "/nix/store/cdzad6l9xgbf5gkhn1si3c1g11427ivl-pixman-0.44.2",
              "default": true
            },
            {
              "name": "debug",
              "path": "/nix/store/iwgajli3p1krs1051qbvjbbj3b3rwdp3-pixman-0.44.2-debug"
            }
          ],
          "store_path": "/nix/store/cdzad6l9xgbf5gkhn1si3c1g11427ivl-pixman-0.44.2"
        }
      }
    },
    "pkg-config@latest": {
      "last_modified": "2025-03-11T17:52:14Z",
      "resolved": "github:NixOS/nixpkgs/0d534853a55b5d02a4ababa1d71921ce8f0aee4c#pkg-config",
      "source": "devbox-search",
      "version": "0.29.2",
      "systems": {
        "aarch64-darwin": {
          "outputs": [
            {
              "name": "out",
              "path": "/nix/store/ncw1xgww5br70kxchcnlg7mbsgwgba50-pkg-config-wrapper-0.29.2",
              "default": true
            },
            {
              "name": "man",
              "path": "/nix/store/dbixvi2qm6jkx34w3x7n0l1kcb87rycd-pkg-config-wrapper-0.29.2-man",
              "default": true
            },
            {
              "name": "doc",
              "path": "/nix/store/j6r8mz0894cm0mqfaj0jsy20ywfskphg-pkg-config-wrapper-0.29.2-doc"
            }
          ],
          "store_path": "/nix/store/ncw1xgww5br70kxchcnlg7mbsgwgba50-pkg-config-wrapper-0.29.2"
        },
        "aarch64-linux": {
          "outputs": [
            {
              "name": "out",
              "path": "/nix/store/n6aa34qwpvhc5w85gbl1188df2fzdby4-pkg-config-wrapper-0.29.2",
              "default": true
            },
            {
              "name": "man",
              "path": "/nix/store/f5saffqd1hcwgzra27nfi2crxscd1v3b-pkg-config-wrapper-0.29.2-man",
              "default": true
            },
            {
              "name": "doc",
              "path": "/nix/store/xakcakpxizmyymgc7lf2g8bfy52fipj0-pkg-config-wrapper-0.29.2-doc"
            }
          ],
          "store_path": "/nix/store/n6aa34qwpvhc5w85gbl1188df2fzdby4-pkg-config-wrapper-0.29.2"
        },
        "x86_64-darwin": {
          "outputs": [
            {
              "name": "out",
              "path": "/nix/store/vhm1xwz33swh2f92slw2f82s5fnmsrjg-pkg-config-wrapper-0.29.2",
              "default": true
            },
            {
              "name": "man",
              "path": "/nix/store/m6k07pppjhjz33ixg85zpcscybb10kb7-pkg-config-wrapper-0.29.2-man",
              "default": true
            },
            {
              "name": "doc",
              "path": "/nix/store/jhwihmfdg3ynhvj97pi21m7qlh7rvy3q-pkg-config-wrapper-0.29.2-doc"
            }
          ],
          "store_path": "/nix/store/vhm1xwz33swh2f92slw2f82s5fnmsrjg-pkg-config-wrapper-0.29.2"
        },
        "x86_64-linux": {
          "outputs": [
            {
              "name": "out",
              "path": "/nix/store/8cczxvv6hpngc9mxal0wx0lzny4vjp4n-pkg-config-wrapper-0.29.2",
              "default": true
            },
            {
              "name": "man",
              "path": "/nix/store/zyklfbaq17vlkzcwdz0q24ri64ll7bsk-pkg-config-wrapper-0.29.2-man",
              "default": true
            },
            {
              "name": "doc",
              "path": "/nix/store/rbgabndl0w2115v7704ijjdjgy83x9jl-pkg-config-wrapper-0.29.2-doc"
            }
          ],
          "store_path": "/nix/store/8cczxvv6hpngc9mxal0wx0lzny4vjp4n-pkg-config-wrapper-0.29.2"
        }
      }
    },
    "python@latest": {
      "last_modified": "2025-03-27T11:50:31Z",
      "plugin_version": "0.0.4",
      "resolved": "github:NixOS/nixpkgs/6c5963357f3c1c840201eda129a99d455074db04#python313",
      "source": "devbox-search",
      "version": "3.13.2",
      "systems": {
        "aarch64-darwin": {
          "outputs": [
            {
              "name": "out",
              "path": "/nix/store/f55hdkj3px5v288jv6yai2gh5xrlj848-python3-3.13.2",
              "default": true
            }
          ],
          "store_path": "/nix/store/f55hdkj3px5v288jv6yai2gh5xrlj848-python3-3.13.2"
        },
        "aarch64-linux": {
          "outputs": [
            {
              "name": "out",
              "path": "/nix/store/bs017cd4y2gzqc1sz3gw6v7hjwpyq3l6-python3-3.13.2",
              "default": true
            },
            {
              "name": "debug",
              "path": "/nix/store/xs7r19skm9hlli72q7q1wck5da957bqc-python3-3.13.2-debug"
            }
          ],
          "store_path": "/nix/store/bs017cd4y2gzqc1sz3gw6v7hjwpyq3l6-python3-3.13.2"
        },
        "x86_64-darwin": {
          "outputs": [
            {
              "name": "out",
              "path": "/nix/store/wjxlppca1s14xzw5iz608qpywyl5mcdw-python3-3.13.2",
              "default": true
            }
          ],
          "store_path": "/nix/store/wjxlppca1s14xzw5iz608qpywyl5mcdw-python3-3.13.2"
        },
        "x86_64-linux": {
          "outputs": [
            {
              "name": "out",
              "path": "/nix/store/njpnqszjaj6k38cp4466ygn74n392xy1-python3-3.13.2",
              "default": true
            },
            {
              "name": "debug",
              "path": "/nix/store/ixcc4jnj3byz0hg943wadfy1phxkmmgg-python3-3.13.2-debug"
            }
          ],
          "store_path": "/nix/store/njpnqszjaj6k38cp4466ygn74n392xy1-python3-3.13.2"
        }
      }
    },
    "vips.dev": {
      "resolved": "github:NixOS/nixpkgs/032bc6539bd5f14e9d0c51bd79cfe9a055b094c3?narHash=sha256-zBuvmL6%2BCUsk2J8GINpyy8Hs1Zp4PP6iBWSmZ4SCQ%2Fs%3D#vips.dev",
      "source": "nixpkg"
    },
    "yarn@latest": {
      "last_modified": "2025-03-29T14:41:00Z",
      "resolved": "github:NixOS/nixpkgs/eb0e0f21f15c559d2ac7633dc81d079d1caf5f5f#yarn",
      "source": "devbox-search",
      "version": "1.22.22",
      "systems": {
        "aarch64-darwin": {
          "outputs": [
            {
              "name": "out",
              "path": "/nix/store/0nincnkbkk7inb1nrqf83mmzwc94xiyl-yarn-1.22.22",
              "default": true
            }
          ],
          "store_path": "/nix/store/0nincnkbkk7inb1nrqf83mmzwc94xiyl-yarn-1.22.22"
        },
        "aarch64-linux": {
          "outputs": [
            {
              "name": "out",
              "path": "/nix/store/qxymdihqclkg42i4185f7y9nf7j1cwz8-yarn-1.22.22",
              "default": true
            }
          ],
          "store_path": "/nix/store/qxymdihqclkg42i4185f7y9nf7j1cwz8-yarn-1.22.22"
        },
        "x86_64-darwin": {
          "outputs": [
            {
              "name": "out",
              "path": "/nix/store/2li1br96rd013mimbvnsf81fk564jx0v-yarn-1.22.22",
              "default": true
            }
          ],
          "store_path": "/nix/store/2li1br96rd013mimbvnsf81fk564jx0v-yarn-1.22.22"
        },
        "x86_64-linux": {
          "outputs": [
            {
              "name": "out",
              "path": "/nix/store/sfh8adsjz44xyismwlzamq25k6lk9igl-yarn-1.22.22",
              "default": true
            }
          ],
          "store_path": "/nix/store/sfh8adsjz44xyismwlzamq25k6lk9igl-yarn-1.22.22"
        }
      }
    }
  }
}
